
Microsoft Visual Studio Solution File, Format Version 12.00
# Visual Studio Version 17
VisualStudioVersion = 17.12.35707.178 d17.12
MinimumVisualStudioVersion = 10.0.40219.1
Project("{FAE04EC0-301F-11D3-BF4B-00C04F79EFBC}") = "MOBaPadMapper2", "MOBaPadMapper2\MOBaPadMapper2.csproj", "{C9628880-3F56-4EF5-9D94-288BE2C785AA}"
EndProject
Global
	GlobalSection(SolutionConfigurationPlatforms) = preSolution
		Debug|Any CPU = Debug|Any CPU
		Release|Any CPU = Release|Any CPU
	EndGlobalSection
	GlobalSection(ProjectConfigurationPlatforms) = postSolution
		{C9628880-3F56-4EF5-9D94-288BE2C785AA}.Debug|Any CPU.ActiveCfg = Debug|Any CPU
		{C9628880-3F56-4EF5-9D94-288BE2C785AA}.Debug|Any CPU.Build.0 = Debug|Any CPU
		{C9628880-3F56-4EF5-9D94-288BE2C785AA}.Debug|Any CPU.Deploy.0 = Debug|Any CPU
		{C9628880-3F56-4EF5-9D94-288BE2C785AA}.Release|Any CPU.ActiveCfg = Release|Any CPU
		{C9628880-3F56-4EF5-9D94-288BE2C785AA}.Release|Any CPU.Build.0 = Release|Any CPU
		{C9628880-3F56-4EF5-9D94-288BE2C785AA}.Release|Any CPU.Deploy.0 = Release|Any CPU
	EndGlobalSection
	GlobalSection(SolutionProperties) = preSolution
		HideSolutionNode = FALSE
	EndGlobalSection
EndGlobal
